
Microsoft Visual Studio Solution File, Format Version 12.00
# Visual Studio Version 17
VisualStudioVersion = 17.0.31903.59
MinimumVisualStudioVersion = 10.0.40219.1
Project("{2150E333-8FDC-42A3-9474-1A3956D46DE8}") = "source", "source", "{DAD20380-F629-432E-8E1A-70B20613DE62}"
EndProject
Project("{FAE04EC0-301F-11D3-BF4B-00C04F79EFBC}") = "Law.Constitutional", "source\Constitutional\Law.Constitutional.csproj", "{9B7599B6-D211-4483-8EAE-ABA7D14B37B3}"
EndProject
Project("{FAE04EC0-301F-11D3-BF4B-00C04F79EFBC}") = "Law.Contract", "source\Contract\Law.Contract.csproj", "{77E26599-D931-484E-98D8-47F1C117EED7}"
EndProject
Project("{FAE04EC0-301F-11D3-BF4B-00C04F79EFBC}") = "Law.Criminal", "source\Criminal\Law.Criminal.csproj", "{85F3C217-0164-4BC9-9A2F-0D025DF39C2A}"
EndProject
Project("{2150E333-8FDC-42A3-9474-1A3956D46DE8}") = "Procedure", "Procedure", "{A951F8B6-FDD3-4253-95A2-F502B6B94DC9}"
EndProject
Project("{FAE04EC0-301F-11D3-BF4B-00C04F79EFBC}") = "Law.Procedure.Civil", "source\Procedure\Civil\Law.Procedure.Civil.csproj", "{AFD8AA9C-23B3-43A5-9AE9-31DD8954E36A}"
EndProject
Project("{FAE04EC0-301F-11D3-BF4B-00C04F79EFBC}") = "Law.Procedure.Criminal", "source\Procedure\Criminal\Law.Procedure.Criminal.csproj", "{D5DB1FBC-3A53-4849-9D5A-21A829C0CE38}"
EndProject
Project("{FAE04EC0-301F-11D3-BF4B-00C04F79EFBC}") = "Law.Property", "source\Property\Law.Property.csproj", "{A00FF754-3D9E-4170-BB5B-FFAB4610F4EE}"
EndProject
Project("{FAE04EC0-301F-11D3-BF4B-00C04F79EFBC}") = "Law.Tort", "source\Tort\Law.Tort.csproj", "{B355F09B-DE0A-40EC-9503-A982CD2255A7}"
EndProject
Project("{2150E333-8FDC-42A3-9474-1A3956D46DE8}") = "tests", "tests", "{27C37DF7-DD73-4FA9-807A-B59725969EEE}"
EndProject
Project("{FAE04EC0-301F-11D3-BF4B-00C04F79EFBC}") = "Law.Constitutional.Tests", "tests\ConstitutionalTests\Law.Constitutional.Tests.csproj", "{98037459-29E6-44D9-B81A-68483F64C6BC}"
EndProject
Project("{FAE04EC0-301F-11D3-BF4B-00C04F79EFBC}") = "Law.Contract.Tests", "tests\ContractTests\Law.Contract.Tests.csproj", "{06684B3B-A6AD-4E41-96B4-E86B0449C836}"
EndProject
Project("{FAE04EC0-301F-11D3-BF4B-00C04F79EFBC}") = "Law.Criminal.Tests", "tests\CriminalTests\Law.Criminal.Tests.csproj", "{815E0E9A-60A1-41D4-9D7D-F136997BAC75}"
EndProject
Project("{FAE04EC0-301F-11D3-BF4B-00C04F79EFBC}") = "Law.Procedure.Civil.Tests", "tests\Procedure.CivilTests\Law.Procedure.Civil.Tests.csproj", "{D735A160-FA3F-46F9-8B1C-CD9688D3EBB6}"
EndProject
Project("{FAE04EC0-301F-11D3-BF4B-00C04F79EFBC}") = "Law.Procedure.Criminal.Tests", "tests\Procedure.CriminalTests\Law.Procedure.Criminal.Tests.csproj", "{BB2168B7-F482-4712-9FFD-99946E47EA4D}"
EndProject
Project("{FAE04EC0-301F-11D3-BF4B-00C04F79EFBC}") = "Law.Property.Tests", "tests\PropertyTests\Law.Property.Tests.csproj", "{011943B3-E287-431A-990A-8FF3E3085401}"
EndProject
Project("{FAE04EC0-301F-11D3-BF4B-00C04F79EFBC}") = "Law.Tort.Tests", "tests\TortTests\Law.Tort.Tests.csproj", "{91F47375-F00C-4EE8-87E2-3D30A44BFD76}"
EndProject
Project("{FAE04EC0-301F-11D3-BF4B-00C04F79EFBC}") = "Law", "source\Core\Law.csproj", "{A24FB180-EEDD-4807-BF39-B1D2D9B00F09}"
EndProject
Project("{FAE04EC0-301F-11D3-BF4B-00C04F79EFBC}") = "Law.Tests", "tests\CoreTests\Law.Tests.csproj", "{9301B582-B78F-42F8-A520-F870A1F8E9C5}"
EndProject
Global
	GlobalSection(SolutionConfigurationPlatforms) = preSolution
		Debug|Any CPU = Debug|Any CPU
		Release|Any CPU = Release|Any CPU
	EndGlobalSection
	GlobalSection(SolutionProperties) = preSolution
		HideSolutionNode = FALSE
	EndGlobalSection
	GlobalSection(ProjectConfigurationPlatforms) = postSolution
		{9B7599B6-D211-4483-8EAE-ABA7D14B37B3}.Debug|Any CPU.ActiveCfg = Debug|Any CPU
		{9B7599B6-D211-4483-8EAE-ABA7D14B37B3}.Debug|Any CPU.Build.0 = Debug|Any CPU
		{9B7599B6-D211-4483-8EAE-ABA7D14B37B3}.Release|Any CPU.ActiveCfg = Release|Any CPU
		{9B7599B6-D211-4483-8EAE-ABA7D14B37B3}.Release|Any CPU.Build.0 = Release|Any CPU
		{77E26599-D931-484E-98D8-47F1C117EED7}.Debug|Any CPU.ActiveCfg = Debug|Any CPU
		{77E26599-D931-484E-98D8-47F1C117EED7}.Debug|Any CPU.Build.0 = Debug|Any CPU
		{77E26599-D931-484E-98D8-47F1C117EED7}.Release|Any CPU.ActiveCfg = Release|Any CPU
		{77E26599-D931-484E-98D8-47F1C117EED7}.Release|Any CPU.Build.0 = Release|Any CPU
		{85F3C217-0164-4BC9-9A2F-0D025DF39C2A}.Debug|Any CPU.ActiveCfg = Debug|Any CPU
		{85F3C217-0164-4BC9-9A2F-0D025DF39C2A}.Debug|Any CPU.Build.0 = Debug|Any CPU
		{85F3C217-0164-4BC9-9A2F-0D025DF39C2A}.Release|Any CPU.ActiveCfg = Release|Any CPU
		{85F3C217-0164-4BC9-9A2F-0D025DF39C2A}.Release|Any CPU.Build.0 = Release|Any CPU
		{AFD8AA9C-23B3-43A5-9AE9-31DD8954E36A}.Debug|Any CPU.ActiveCfg = Debug|Any CPU
		{AFD8AA9C-23B3-43A5-9AE9-31DD8954E36A}.Debug|Any CPU.Build.0 = Debug|Any CPU
		{AFD8AA9C-23B3-43A5-9AE9-31DD8954E36A}.Release|Any CPU.ActiveCfg = Release|Any CPU
		{AFD8AA9C-23B3-43A5-9AE9-31DD8954E36A}.Release|Any CPU.Build.0 = Release|Any CPU
		{D5DB1FBC-3A53-4849-9D5A-21A829C0CE38}.Debug|Any CPU.ActiveCfg = Debug|Any CPU
		{D5DB1FBC-3A53-4849-9D5A-21A829C0CE38}.Debug|Any CPU.Build.0 = Debug|Any CPU
		{D5DB1FBC-3A53-4849-9D5A-21A829C0CE38}.Release|Any CPU.ActiveCfg = Release|Any CPU
		{D5DB1FBC-3A53-4849-9D5A-21A829C0CE38}.Release|Any CPU.Build.0 = Release|Any CPU
		{A00FF754-3D9E-4170-BB5B-FFAB4610F4EE}.Debug|Any CPU.ActiveCfg = Debug|Any CPU
		{A00FF754-3D9E-4170-BB5B-FFAB4610F4EE}.Debug|Any CPU.Build.0 = Debug|Any CPU
		{A00FF754-3D9E-4170-BB5B-FFAB4610F4EE}.Release|Any CPU.ActiveCfg = Release|Any CPU
		{A00FF754-3D9E-4170-BB5B-FFAB4610F4EE}.Release|Any CPU.Build.0 = Release|Any CPU
		{B355F09B-DE0A-40EC-9503-A982CD2255A7}.Debug|Any CPU.ActiveCfg = Debug|Any CPU
		{B355F09B-DE0A-40EC-9503-A982CD2255A7}.Debug|Any CPU.Build.0 = Debug|Any CPU
		{B355F09B-DE0A-40EC-9503-A982CD2255A7}.Release|Any CPU.ActiveCfg = Release|Any CPU
		{B355F09B-DE0A-40EC-9503-A982CD2255A7}.Release|Any CPU.Build.0 = Release|Any CPU
		{98037459-29E6-44D9-B81A-68483F64C6BC}.Debug|Any CPU.ActiveCfg = Debug|Any CPU
		{98037459-29E6-44D9-B81A-68483F64C6BC}.Debug|Any CPU.Build.0 = Debug|Any CPU
		{98037459-29E6-44D9-B81A-68483F64C6BC}.Release|Any CPU.ActiveCfg = Release|Any CPU
		{98037459-29E6-44D9-B81A-68483F64C6BC}.Release|Any CPU.Build.0 = Release|Any CPU
		{06684B3B-A6AD-4E41-96B4-E86B0449C836}.Debug|Any CPU.ActiveCfg = Debug|Any CPU
		{06684B3B-A6AD-4E41-96B4-E86B0449C836}.Debug|Any CPU.Build.0 = Debug|Any CPU
		{06684B3B-A6AD-4E41-96B4-E86B0449C836}.Release|Any CPU.ActiveCfg = Release|Any CPU
		{06684B3B-A6AD-4E41-96B4-E86B0449C836}.Release|Any CPU.Build.0 = Release|Any CPU
		{815E0E9A-60A1-41D4-9D7D-F136997BAC75}.Debug|Any CPU.ActiveCfg = Debug|Any CPU
		{815E0E9A-60A1-41D4-9D7D-F136997BAC75}.Debug|Any CPU.Build.0 = Debug|Any CPU
		{815E0E9A-60A1-41D4-9D7D-F136997BAC75}.Release|Any CPU.ActiveCfg = Release|Any CPU
		{815E0E9A-60A1-41D4-9D7D-F136997BAC75}.Release|Any CPU.Build.0 = Release|Any CPU
		{D735A160-FA3F-46F9-8B1C-CD9688D3EBB6}.Debug|Any CPU.ActiveCfg = Debug|Any CPU
		{D735A160-FA3F-46F9-8B1C-CD9688D3EBB6}.Debug|Any CPU.Build.0 = Debug|Any CPU
		{D735A160-FA3F-46F9-8B1C-CD9688D3EBB6}.Release|Any CPU.ActiveCfg = Release|Any CPU
		{D735A160-FA3F-46F9-8B1C-CD9688D3EBB6}.Release|Any CPU.Build.0 = Release|Any CPU
		{BB2168B7-F482-4712-9FFD-99946E47EA4D}.Debug|Any CPU.ActiveCfg = Debug|Any CPU
		{BB2168B7-F482-4712-9FFD-99946E47EA4D}.Debug|Any CPU.Build.0 = Debug|Any CPU
		{BB2168B7-F482-4712-9FFD-99946E47EA4D}.Release|Any CPU.ActiveCfg = Release|Any CPU
		{BB2168B7-F482-4712-9FFD-99946E47EA4D}.Release|Any CPU.Build.0 = Release|Any CPU
		{011943B3-E287-431A-990A-8FF3E3085401}.Debug|Any CPU.ActiveCfg = Debug|Any CPU
		{011943B3-E287-431A-990A-8FF3E3085401}.Debug|Any CPU.Build.0 = Debug|Any CPU
		{011943B3-E287-431A-990A-8FF3E3085401}.Release|Any CPU.ActiveCfg = Release|Any CPU
		{011943B3-E287-431A-990A-8FF3E3085401}.Release|Any CPU.Build.0 = Release|Any CPU
		{91F47375-F00C-4EE8-87E2-3D30A44BFD76}.Debug|Any CPU.ActiveCfg = Debug|Any CPU
		{91F47375-F00C-4EE8-87E2-3D30A44BFD76}.Debug|Any CPU.Build.0 = Debug|Any CPU
		{91F47375-F00C-4EE8-87E2-3D30A44BFD76}.Release|Any CPU.ActiveCfg = Release|Any CPU
		{91F47375-F00C-4EE8-87E2-3D30A44BFD76}.Release|Any CPU.Build.0 = Release|Any CPU
		{A24FB180-EEDD-4807-BF39-B1D2D9B00F09}.Debug|Any CPU.ActiveCfg = Debug|Any CPU
		{A24FB180-EEDD-4807-BF39-B1D2D9B00F09}.Debug|Any CPU.Build.0 = Debug|Any CPU
		{A24FB180-EEDD-4807-BF39-B1D2D9B00F09}.Release|Any CPU.ActiveCfg = Release|Any CPU
		{A24FB180-EEDD-4807-BF39-B1D2D9B00F09}.Release|Any CPU.Build.0 = Release|Any CPU
		{9301B582-B78F-42F8-A520-F870A1F8E9C5}.Debug|Any CPU.ActiveCfg = Debug|Any CPU
		{9301B582-B78F-42F8-A520-F870A1F8E9C5}.Debug|Any CPU.Build.0 = Debug|Any CPU
		{9301B582-B78F-42F8-A520-F870A1F8E9C5}.Release|Any CPU.ActiveCfg = Release|Any CPU
		{9301B582-B78F-42F8-A520-F870A1F8E9C5}.Release|Any CPU.Build.0 = Release|Any CPU
	EndGlobalSection
	GlobalSection(NestedProjects) = preSolution
		{9B7599B6-D211-4483-8EAE-ABA7D14B37B3} = {DAD20380-F629-432E-8E1A-70B20613DE62}
		{77E26599-D931-484E-98D8-47F1C117EED7} = {DAD20380-F629-432E-8E1A-70B20613DE62}
		{85F3C217-0164-4BC9-9A2F-0D025DF39C2A} = {DAD20380-F629-432E-8E1A-70B20613DE62}
		{A951F8B6-FDD3-4253-95A2-F502B6B94DC9} = {DAD20380-F629-432E-8E1A-70B20613DE62}
		{AFD8AA9C-23B3-43A5-9AE9-31DD8954E36A} = {A951F8B6-FDD3-4253-95A2-F502B6B94DC9}
		{D5DB1FBC-3A53-4849-9D5A-21A829C0CE38} = {A951F8B6-FDD3-4253-95A2-F502B6B94DC9}
		{A00FF754-3D9E-4170-BB5B-FFAB4610F4EE} = {DAD20380-F629-432E-8E1A-70B20613DE62}
		{B355F09B-DE0A-40EC-9503-A982CD2255A7} = {DAD20380-F629-432E-8E1A-70B20613DE62}
		{98037459-29E6-44D9-B81A-68483F64C6BC} = {27C37DF7-DD73-4FA9-807A-B59725969EEE}
		{06684B3B-A6AD-4E41-96B4-E86B0449C836} = {27C37DF7-DD73-4FA9-807A-B59725969EEE}
		{815E0E9A-60A1-41D4-9D7D-F136997BAC75} = {27C37DF7-DD73-4FA9-807A-B59725969EEE}
		{D735A160-FA3F-46F9-8B1C-CD9688D3EBB6} = {27C37DF7-DD73-4FA9-807A-B59725969EEE}
		{BB2168B7-F482-4712-9FFD-99946E47EA4D} = {27C37DF7-DD73-4FA9-807A-B59725969EEE}
		{011943B3-E287-431A-990A-8FF3E3085401} = {27C37DF7-DD73-4FA9-807A-B59725969EEE}
		{91F47375-F00C-4EE8-87E2-3D30A44BFD76} = {27C37DF7-DD73-4FA9-807A-B59725969EEE}
		{A24FB180-EEDD-4807-BF39-B1D2D9B00F09} = {DAD20380-F629-432E-8E1A-70B20613DE62}
		{9301B582-B78F-42F8-A520-F870A1F8E9C5} = {27C37DF7-DD73-4FA9-807A-B59725969EEE}
	EndGlobalSection
EndGlobal
